
Microsoft Visual Studio Solution File, Format Version 12.00
# Visual Studio Version 17
VisualStudioVersion = 17.10.35122.118
MinimumVisualStudioVersion = 10.0.40219.1
Project("{FAE04EC0-301F-11D3-BF4B-00C04F79EFBC}") = "dnstools", "dnstools\dnstools.csproj", "{BFC00ABC-77FD-433E-90B6-5AA52CCBD106}"
EndProject
Global
	GlobalSection(SolutionConfigurationPlatforms) = preSolution
		Debug|Any CPU = Debug|Any CPU
		Release|Any CPU = Release|Any CPU
	EndGlobalSection
	GlobalSection(ProjectConfigurationPlatforms) = postSolution
		{BFC00ABC-77FD-433E-90B6-5AA52CCBD106}.Debug|Any CPU.ActiveCfg = Debug|Any CPU
		{BFC00ABC-77FD-433E-90B6-5AA52CCBD106}.Debug|Any CPU.Build.0 = Debug|Any CPU
		{BFC00ABC-77FD-433E-90B6-5AA52CCBD106}.Release|Any CPU.ActiveCfg = Release|Any CPU
		{BFC00ABC-77FD-433E-90B6-5AA52CCBD106}.Release|Any CPU.Build.0 = Release|Any CPU
	EndGlobalSection
	GlobalSection(SolutionProperties) = preSolution
		HideSolutionNode = FALSE
	EndGlobalSection
	GlobalSection(ExtensibilityGlobals) = postSolution
		SolutionGuid = {980906D1-F2FD-4D64-B363-BC7BA17F3482}
	EndGlobalSection
EndGlobal
